
Microsoft Visual Studio Solution File, Format Version 12.00
# Visual Studio Version 17
VisualStudioVersion = 17.3.32819.101
MinimumVisualStudioVersion = 10.0.40219.1
Project("{FAE04EC0-301F-11D3-BF4B-00C04F79EFBC}") = "RAA_Session07Challenge", "RAA_Session07Challenge\RAA_Session07Challenge.csproj", "{6405EA3A-3508-41DE-8894-4FB2C4BC1139}"
EndProject
Global
	GlobalSection(SolutionConfigurationPlatforms) = preSolution
		Debug|Any CPU = Debug|Any CPU
		Release|Any CPU = Release|Any CPU
	EndGlobalSection
	GlobalSection(ProjectConfigurationPlatforms) = postSolution
		{6405EA3A-3508-41DE-8894-4FB2C4BC1139}.Debug|Any CPU.ActiveCfg = Debug|Any CPU
		{6405EA3A-3508-41DE-8894-4FB2C4BC1139}.Debug|Any CPU.Build.0 = Debug|Any CPU
		{6405EA3A-3508-41DE-8894-4FB2C4BC1139}.Release|Any CPU.ActiveCfg = Release|Any CPU
		{6405EA3A-3508-41DE-8894-4FB2C4BC1139}.Release|Any CPU.Build.0 = Release|Any CPU
	EndGlobalSection
	GlobalSection(SolutionProperties) = preSolution
		HideSolutionNode = FALSE
	EndGlobalSection
	GlobalSection(ExtensibilityGlobals) = postSolution
		SolutionGuid = {FF4C8307-6875-4385-AC4C-8A120477BB6A}
	EndGlobalSection
EndGlobal
